
Microsoft Visual Studio Solution File, Format Version 12.00
# Visual Studio Version 16
VisualStudioVersion = 16.0.32602.291
MinimumVisualStudioVersion = 10.0.40219.1
Project("{FAE04EC0-301F-11D3-BF4B-00C04F79EFBC}") = "SuperFastBlog", "SuperFastBlog\SuperFastBlog.csproj", "{1FBE726A-2156-4C5C-8F53-1CC68804B6B3}"
EndProject
Project("{FAE04EC0-301F-11D3-BF4B-00C04F79EFBC}") = "SuperFastBlogAPI", "SuperFastBlogAPI\SuperFastBlogAPI.csproj", "{2F678BB2-0FC2-458D-BF03-4744C5AC2AF5}"
EndProject
Project("{FAE04EC0-301F-11D3-BF4B-00C04F79EFBC}") = "SuperFastBlogAPI.Tests", "SuperFastBlogAPI.Tests\SuperFastBlogAPI.Tests.csproj", "{B69F38B8-7369-40FA-BBC5-7F6CD91F87F2}"
EndProject
Global
	GlobalSection(SolutionConfigurationPlatforms) = preSolution
		Debug|Any CPU = Debug|Any CPU
		Release|Any CPU = Release|Any CPU
	EndGlobalSection
	GlobalSection(ProjectConfigurationPlatforms) = postSolution
		{1FBE726A-2156-4C5C-8F53-1CC68804B6B3}.Debug|Any CPU.ActiveCfg = Debug|Any CPU
		{1FBE726A-2156-4C5C-8F53-1CC68804B6B3}.Debug|Any CPU.Build.0 = Debug|Any CPU
		{1FBE726A-2156-4C5C-8F53-1CC68804B6B3}.Release|Any CPU.ActiveCfg = Release|Any CPU
		{1FBE726A-2156-4C5C-8F53-1CC68804B6B3}.Release|Any CPU.Build.0 = Release|Any CPU
		{2F678BB2-0FC2-458D-BF03-4744C5AC2AF5}.Debug|Any CPU.ActiveCfg = Debug|Any CPU
		{2F678BB2-0FC2-458D-BF03-4744C5AC2AF5}.Debug|Any CPU.Build.0 = Debug|Any CPU
		{2F678BB2-0FC2-458D-BF03-4744C5AC2AF5}.Release|Any CPU.ActiveCfg = Release|Any CPU
		{2F678BB2-0FC2-458D-BF03-4744C5AC2AF5}.Release|Any CPU.Build.0 = Release|Any CPU
		{B69F38B8-7369-40FA-BBC5-7F6CD91F87F2}.Debug|Any CPU.ActiveCfg = Debug|Any CPU
		{B69F38B8-7369-40FA-BBC5-7F6CD91F87F2}.Debug|Any CPU.Build.0 = Debug|Any CPU
		{B69F38B8-7369-40FA-BBC5-7F6CD91F87F2}.Release|Any CPU.ActiveCfg = Release|Any CPU
		{B69F38B8-7369-40FA-BBC5-7F6CD91F87F2}.Release|Any CPU.Build.0 = Release|Any CPU
	EndGlobalSection
	GlobalSection(SolutionProperties) = preSolution
		HideSolutionNode = FALSE
	EndGlobalSection
	GlobalSection(ExtensibilityGlobals) = postSolution
		SolutionGuid = {1D3A8732-3C08-4D9E-B4B8-CD47DA3D8951}
	EndGlobalSection
EndGlobal
